# This file is generated by running "yarn install" inside your project.
# Manual changes might be lost - proceed with caution!

__metadata:
  version: 8
  cacheKey: 10c0

"@types/prop-types@npm:*":
  version: 15.7.13
  resolution: "@types/prop-types@npm:15.7.13"
  checksum: 10c0/1b20fc67281902c6743379960247bc161f3f0406ffc0df8e7058745a85ea1538612109db0406290512947f9632fe9e10e7337bf0ce6338a91d6c948df16a7c61
  languageName: node
  linkType: hard

"@types/react-dom@npm:17.0.25":
  version: 17.0.25
  resolution: "@types/react-dom@npm:17.0.25"
  dependencies:
    "@types/react": "npm:^17"
  checksum: 10c0/18a95d4d684cacc697d97ae66e3c8402da2f866c053fa6a5982694aa8eb6229afcefd3bfaaab4175c1b0ef3494c881e4d25e2167aa669bcbbb84114fd02ae5ba
  languageName: node
  linkType: hard

"@types/react@npm:17.0.80":
  version: 17.0.80
  resolution: "@types/react@npm:17.0.80"
  dependencies:
    "@types/prop-types": "npm:*"
    "@types/scheduler": "npm:^0.16"
    csstype: "npm:^3.0.2"
  checksum: 10c0/c5d2862564212a41a327ea9c7e70b9d3996d9b0f67971d39519d42d1f3ae6ddf76b183457b7b0be9d7b5d6ff0aaeed5711448423406d20018f082077c984eec4
  languageName: node
  linkType: hard

"@types/react@npm:^17":
  version: 17.0.82
  resolution: "@types/react@npm:17.0.82"
  dependencies:
    "@types/prop-types": "npm:*"
    "@types/scheduler": "npm:^0.16"
    csstype: "npm:^3.0.2"
  checksum: 10c0/86a6797988cea1b63083eb1742be7bccce77bd0e240bce490b89f3e420c1fa24cd45454d8c0bb6f1b4465ca8e9f35a7bbe60beada8b5bd05a2cf62d3f0c2460e
  languageName: node
  linkType: hard

"@types/scheduler@npm:^0.16":
  version: 0.16.8
  resolution: "@types/scheduler@npm:0.16.8"
  checksum: 10c0/f86de504945b8fc41b1f391f847444d542e2e4067cf7e5d9bfeb5d2d2393d3203b1161bc0ef3b1e104d828dabfb60baf06e8d2c27e27ff7e8258e6e618d8c4ec
  languageName: node
  linkType: hard

"clsx@npm:^1.1.1":
  version: 1.2.1
  resolution: "clsx@npm:1.2.1"
  checksum: 10c0/34dead8bee24f5e96f6e7937d711978380647e936a22e76380290e35486afd8634966ce300fc4b74a32f3762c7d4c0303f442c3e259f4ce02374eb0c82834f27
  languageName: node
  linkType: hard

"clsx@npm:^2.0.0":
  version: 2.1.1
  resolution: "clsx@npm:2.1.1"
  checksum: 10c0/c4c8eb865f8c82baab07e71bfa8897c73454881c4f99d6bc81585aecd7c441746c1399d08363dc096c550cceaf97bd4ce1e8854e1771e9998d9f94c4fe075839
  languageName: node
  linkType: hard

"csstype@npm:^3.0.2":
  version: 3.1.3
  resolution: "csstype@npm:3.1.3"
  checksum: 10c0/80c089d6f7e0c5b2bd83cf0539ab41474198579584fa10d86d0cafe0642202343cbc119e076a0b1aece191989477081415d66c9fefbf3c957fc2fc4b7009f248
  languageName: node
  linkType: hard

"fast-equals@npm:^4.0.3":
  version: 4.0.3
  resolution: "fast-equals@npm:4.0.3"
  checksum: 10c0/87fd2609c945ee61e9ed4d041eb2a8f92723fc02884115f67e429dd858d880279e962334894f116b3e9b223f387d246e3db5424ae779287849015ddadbf5ff27
  languageName: node
  linkType: hard

"js-tokens@npm:^3.0.0 || ^4.0.0":
  version: 4.0.0
  resolution: "js-tokens@npm:4.0.0"
  checksum: 10c0/e248708d377aa058eacf2037b07ded847790e6de892bbad3dac0abba2e759cb9f121b00099a65195616badcb6eca8d14d975cb3e89eb1cfda644756402c8aeed
  languageName: node
  linkType: hard

"loose-envify@npm:^1.1.0, loose-envify@npm:^1.4.0":
  version: 1.4.0
  resolution: "loose-envify@npm:1.4.0"
  dependencies:
    js-tokens: "npm:^3.0.0 || ^4.0.0"
  bin:
    loose-envify: cli.js
  checksum: 10c0/655d110220983c1a4b9c0c679a2e8016d4b67f6e9c7b5435ff5979ecdb20d0813f4dec0a08674fcbdd4846a3f07edbb50a36811fd37930b94aaa0d9daceb017e
  languageName: node
  linkType: hard

"object-assign@npm:^4.1.1":
  version: 4.1.1
  resolution: "object-assign@npm:4.1.1"
  checksum: 10c0/1f4df9945120325d041ccf7b86f31e8bcc14e73d29171e37a7903050e96b81323784ec59f93f102ec635bcf6fa8034ba3ea0a8c7e69fa202b87ae3b6cec5a414
  languageName: node
  linkType: hard

"prop-types@npm:15.x, prop-types@npm:^15.8.1":
  version: 15.8.1
  resolution: "prop-types@npm:15.8.1"
  dependencies:
    loose-envify: "npm:^1.4.0"
    object-assign: "npm:^4.1.1"
    react-is: "npm:^16.13.1"
  checksum: 10c0/59ece7ca2fb9838031d73a48d4becb9a7cc1ed10e610517c7d8f19a1e02fa47f7c27d557d8a5702bec3cfeccddc853579832b43f449e54635803f277b1c78077
  languageName: node
  linkType: hard

"react-dom@npm:17.0.2":
  version: 17.0.2
  resolution: "react-dom@npm:17.0.2"
  dependencies:
    loose-envify: "npm:^1.1.0"
    object-assign: "npm:^4.1.1"
    scheduler: "npm:^0.20.2"
  peerDependencies:
    react: 17.0.2
  checksum: 10c0/51abbcb72450fe527ebf978c3bc989ba266630faaa53f47a2fae5392369729e8de62b2e4683598cbe651ea7873cd34ec7d5127e2f50bf4bfe6bd0c3ad9bddcb0
  languageName: node
  linkType: hard

"react-draggable@npm:^4.0.3, react-draggable@npm:^4.4.5":
  version: 4.4.6
  resolution: "react-draggable@npm:4.4.6"
  dependencies:
    clsx: "npm:^1.1.1"
    prop-types: "npm:^15.8.1"
  peerDependencies:
    react: ">= 16.3.0"
    react-dom: ">= 16.3.0"
  checksum: 10c0/1e8cf47414a8554caa68447e5f27749bc40e1eabb4806e2dadcb39ab081d263f517d6aaec5231677e6b425603037c7e3386d1549898f9ffcc98a86cabafb2b9a
  languageName: node
  linkType: hard

"react-grid-layout@npm:1.4.4":
  version: 1.4.4
  resolution: "react-grid-layout@npm:1.4.4"
  dependencies:
    clsx: "npm:^2.0.0"
    fast-equals: "npm:^4.0.3"
    prop-types: "npm:^15.8.1"
    react-draggable: "npm:^4.4.5"
    react-resizable: "npm:^3.0.5"
    resize-observer-polyfill: "npm:^1.5.1"
  peerDependencies:
    react: ">= 16.3.0"
    react-dom: ">= 16.3.0"
  checksum: 10c0/3ff5715e2f19816d9c231053ca7e4d9c6c19893282d13b9dbfb3b748309d4c687d6bc9cffd6982a1e72df20d9f2560cf6ee87fde2442002a1b848fa9f9613d63
  languageName: node
  linkType: hard

"react-is@npm:^16.13.1":
  version: 16.13.1
  resolution: "react-is@npm:16.13.1"
  checksum: 10c0/33977da7a5f1a287936a0c85639fec6ca74f4f15ef1e59a6bc20338fc73dc69555381e211f7a3529b8150a1f71e4225525b41b60b52965bda53ce7d47377ada1
  languageName: node
  linkType: hard

"react-resizable-missing-react-dom-peer@workspace:.":
  version: 0.0.0-use.local
  resolution: "react-resizable-missing-react-dom-peer@workspace:."
  dependencies:
    "@types/react": "npm:17.0.80"
    "@types/react-dom": "npm:17.0.25"
    react: "npm:17.0.2"
    react-dom: "npm:17.0.2"
    react-grid-layout: "npm:1.4.4"
  languageName: unknown
  linkType: soft

"react-resizable@npm:^3.0.5":
  version: 3.0.5
  resolution: "react-resizable@npm:3.0.5"
  dependencies:
    prop-types: "npm:15.x"
    react-draggable: "npm:^4.0.3"
  peerDependencies:
    react: ">= 16.3"
  checksum: 10c0/cfe50aa6efb79e0aa09bd681a5beab2fcd1186737c4952eb4c3974ed9395d5d263ccd1130961d06b8f5e24c8f544dd2967b5c740ce68719962d1771de7bdb350
  languageName: node
  linkType: hard

"react@npm:17.0.2":
  version: 17.0.2
  resolution: "react@npm:17.0.2"
  dependencies:
    loose-envify: "npm:^1.1.0"
    object-assign: "npm:^4.1.1"
  checksum: 10c0/07ae8959acf1596f0550685102fd6097d461a54a4fd46a50f88a0cd7daaa97fdd6415de1dcb4bfe0da6aa43221a6746ce380410fa848acc60f8ac41f6649c148
  languageName: node
  linkType: hard

"resize-observer-polyfill@npm:^1.5.1":
  version: 1.5.1
  resolution: "resize-observer-polyfill@npm:1.5.1"
  checksum: 10c0/5e882475067f0b97dc07e0f37c3e335ac5bc3520d463f777cec7e894bb273eddbfecb857ae668e6fb6881fd6f6bb7148246967172139302da50fa12ea3a15d95
  languageName: node
  linkType: hard

"scheduler@npm:^0.20.2":
  version: 0.20.2
  resolution: "scheduler@npm:0.20.2"
  dependencies:
    loose-envify: "npm:^1.1.0"
    object-assign: "npm:^4.1.1"
  checksum: 10c0/b0982e4b0f34f4ffa4f2f486161c0fd9ce9b88680b045dccbf250eb1aa4fd27413570645455187a83535e2370f5c667a251045547765408492bd883cbe95fcdb
  languageName: node
  linkType: hard
